
Microsoft Visual Studio Solution File, Format Version 12.00
# Visual Studio Version 16
VisualStudioVersion = 16.0.29209.62
MinimumVisualStudioVersion = 10.0.40219.1
Project("{FAE04EC0-301F-11D3-BF4B-00C04F79EFBC}") = "ScriptInterpreter", "ScriptInterpreter\ScriptInterpreter.csproj", "{0E903726-2918-49F9-956C-A4F7DEB8664E}"
EndProject
Project("{FAE04EC0-301F-11D3-BF4B-00C04F79EFBC}") = "BomberStudio", "BomberStudio\BomberStudio.csproj", "{2C58A0A4-FFA4-4422-9331-3C493DB70C94}"
EndProject
Project("{FAE04EC0-301F-11D3-BF4B-00C04F79EFBC}") = "HackerBomber", "HackerBomber\HackerBomber.csproj", "{CFD4C19B-3035-452D-ADE7-D932FE311BBD}"
EndProject
Project("{FAE04EC0-301F-11D3-BF4B-00C04F79EFBC}") = "MobileBomber", "MobileBomber\MobileBomber.csproj", "{09FF3402-9BB3-4BD1-B120-F992ADCD470E}"
EndProject
Project("{FAE04EC0-301F-11D3-BF4B-00C04F79EFBC}") = "HackerBomberApplication", "HackerBomberApplication\HackerBomberApplication.csproj", "{9591113D-B43F-4963-8ACE-DA3BEFE84FFC}"
EndProject
Project("{FAE04EC0-301F-11D3-BF4B-00C04F79EFBC}") = "HackerBomberCrossPlatform", "HackerBomberCrossPlatform\HackerBomberCrossPlatform.csproj", "{1F348698-FAE5-484E-8961-3F300B62F7D2}"
EndProject
Global
	GlobalSection(SolutionConfigurationPlatforms) = preSolution
		Ad-Hoc|Any CPU = Ad-Hoc|Any CPU
		Ad-Hoc|iPhone = Ad-Hoc|iPhone
		Ad-Hoc|iPhoneSimulator = Ad-Hoc|iPhoneSimulator
		AppStore|Any CPU = AppStore|Any CPU
		AppStore|iPhone = AppStore|iPhone
		AppStore|iPhoneSimulator = AppStore|iPhoneSimulator
		Debug|Any CPU = Debug|Any CPU
		Debug|iPhone = Debug|iPhone
		Debug|iPhoneSimulator = Debug|iPhoneSimulator
		Release|Any CPU = Release|Any CPU
		Release|iPhone = Release|iPhone
		Release|iPhoneSimulator = Release|iPhoneSimulator
	EndGlobalSection
	GlobalSection(ProjectConfigurationPlatforms) = postSolution
		{0E903726-2918-49F9-956C-A4F7DEB8664E}.Ad-Hoc|Any CPU.ActiveCfg = Release|Any CPU
		{0E903726-2918-49F9-956C-A4F7DEB8664E}.Ad-Hoc|Any CPU.Build.0 = Release|Any CPU
		{0E903726-2918-49F9-956C-A4F7DEB8664E}.Ad-Hoc|iPhone.ActiveCfg = Release|Any CPU
		{0E903726-2918-49F9-956C-A4F7DEB8664E}.Ad-Hoc|iPhone.Build.0 = Release|Any CPU
		{0E903726-2918-49F9-956C-A4F7DEB8664E}.Ad-Hoc|iPhoneSimulator.ActiveCfg = Release|Any CPU
		{0E903726-2918-49F9-956C-A4F7DEB8664E}.Ad-Hoc|iPhoneSimulator.Build.0 = Release|Any CPU
		{0E903726-2918-49F9-956C-A4F7DEB8664E}.AppStore|Any CPU.ActiveCfg = Release|Any CPU
		{0E903726-2918-49F9-956C-A4F7DEB8664E}.AppStore|Any CPU.Build.0 = Release|Any CPU
		{0E903726-2918-49F9-956C-A4F7DEB8664E}.AppStore|iPhone.ActiveCfg = Release|Any CPU
		{0E903726-2918-49F9-956C-A4F7DEB8664E}.AppStore|iPhone.Build.0 = Release|Any CPU
		{0E903726-2918-49F9-956C-A4F7DEB8664E}.AppStore|iPhoneSimulator.ActiveCfg = Release|Any CPU
		{0E903726-2918-49F9-956C-A4F7DEB8664E}.AppStore|iPhoneSimulator.Build.0 = Release|Any CPU
		{0E903726-2918-49F9-956C-A4F7DEB8664E}.Debug|Any CPU.ActiveCfg = Debug|Any CPU
		{0E903726-2918-49F9-956C-A4F7DEB8664E}.Debug|Any CPU.Build.0 = Debug|Any CPU
		{0E903726-2918-49F9-956C-A4F7DEB8664E}.Debug|iPhone.ActiveCfg = Debug|Any CPU
		{0E903726-2918-49F9-956C-A4F7DEB8664E}.Debug|iPhone.Build.0 = Debug|Any CPU
		{0E903726-2918-49F9-956C-A4F7DEB8664E}.Debug|iPhoneSimulator.ActiveCfg = Debug|Any CPU
		{0E903726-2918-49F9-956C-A4F7DEB8664E}.Debug|iPhoneSimulator.Build.0 = Debug|Any CPU
		{0E903726-2918-49F9-956C-A4F7DEB8664E}.Release|Any CPU.ActiveCfg = Release|Any CPU
		{0E903726-2918-49F9-956C-A4F7DEB8664E}.Release|Any CPU.Build.0 = Release|Any CPU
		{0E903726-2918-49F9-956C-A4F7DEB8664E}.Release|iPhone.ActiveCfg = Release|Any CPU
		{0E903726-2918-49F9-956C-A4F7DEB8664E}.Release|iPhone.Build.0 = Release|Any CPU
		{0E903726-2918-49F9-956C-A4F7DEB8664E}.Release|iPhoneSimulator.ActiveCfg = Release|Any CPU
		{0E903726-2918-49F9-956C-A4F7DEB8664E}.Release|iPhoneSimulator.Build.0 = Release|Any CPU
		{2C58A0A4-FFA4-4422-9331-3C493DB70C94}.Ad-Hoc|Any CPU.ActiveCfg = Release|Any CPU
		{2C58A0A4-FFA4-4422-9331-3C493DB70C94}.Ad-Hoc|Any CPU.Build.0 = Release|Any CPU
		{2C58A0A4-FFA4-4422-9331-3C493DB70C94}.Ad-Hoc|iPhone.ActiveCfg = Release|Any CPU
		{2C58A0A4-FFA4-4422-9331-3C493DB70C94}.Ad-Hoc|iPhone.Build.0 = Release|Any CPU
		{2C58A0A4-FFA4-4422-9331-3C493DB70C94}.Ad-Hoc|iPhoneSimulator.ActiveCfg = Release|Any CPU
		{2C58A0A4-FFA4-4422-9331-3C493DB70C94}.Ad-Hoc|iPhoneSimulator.Build.0 = Release|Any CPU
		{2C58A0A4-FFA4-4422-9331-3C493DB70C94}.AppStore|Any CPU.ActiveCfg = Release|Any CPU
		{2C58A0A4-FFA4-4422-9331-3C493DB70C94}.AppStore|Any CPU.Build.0 = Release|Any CPU
		{2C58A0A4-FFA4-4422-9331-3C493DB70C94}.AppStore|iPhone.ActiveCfg = Release|Any CPU
		{2C58A0A4-FFA4-4422-9331-3C493DB70C94}.AppStore|iPhone.Build.0 = Release|Any CPU
		{2C58A0A4-FFA4-4422-9331-3C493DB70C94}.AppStore|iPhoneSimulator.ActiveCfg = Release|Any CPU
		{2C58A0A4-FFA4-4422-9331-3C493DB70C94}.AppStore|iPhoneSimulator.Build.0 = Release|Any CPU
		{2C58A0A4-FFA4-4422-9331-3C493DB70C94}.Debug|Any CPU.ActiveCfg = Debug|Any CPU
		{2C58A0A4-FFA4-4422-9331-3C493DB70C94}.Debug|Any CPU.Build.0 = Debug|Any CPU
		{2C58A0A4-FFA4-4422-9331-3C493DB70C94}.Debug|iPhone.ActiveCfg = Debug|Any CPU
		{2C58A0A4-FFA4-4422-9331-3C493DB70C94}.Debug|iPhone.Build.0 = Debug|Any CPU
		{2C58A0A4-FFA4-4422-9331-3C493DB70C94}.Debug|iPhoneSimulator.ActiveCfg = Debug|Any CPU
		{2C58A0A4-FFA4-4422-9331-3C493DB70C94}.Debug|iPhoneSimulator.Build.0 = Debug|Any CPU
		{2C58A0A4-FFA4-4422-9331-3C493DB70C94}.Release|Any CPU.ActiveCfg = Release|Any CPU
		{2C58A0A4-FFA4-4422-9331-3C493DB70C94}.Release|Any CPU.Build.0 = Release|Any CPU
		{2C58A0A4-FFA4-4422-9331-3C493DB70C94}.Release|iPhone.ActiveCfg = Release|Any CPU
		{2C58A0A4-FFA4-4422-9331-3C493DB70C94}.Release|iPhone.Build.0 = Release|Any CPU
		{2C58A0A4-FFA4-4422-9331-3C493DB70C94}.Release|iPhoneSimulator.ActiveCfg = Release|Any CPU
		{2C58A0A4-FFA4-4422-9331-3C493DB70C94}.Release|iPhoneSimulator.Build.0 = Release|Any CPU
		{CFD4C19B-3035-452D-ADE7-D932FE311BBD}.Ad-Hoc|Any CPU.ActiveCfg = Release|Any CPU
		{CFD4C19B-3035-452D-ADE7-D932FE311BBD}.Ad-Hoc|Any CPU.Build.0 = Release|Any CPU
		{CFD4C19B-3035-452D-ADE7-D932FE311BBD}.Ad-Hoc|iPhone.ActiveCfg = Release|Any CPU
		{CFD4C19B-3035-452D-ADE7-D932FE311BBD}.Ad-Hoc|iPhone.Build.0 = Release|Any CPU
		{CFD4C19B-3035-452D-ADE7-D932FE311BBD}.Ad-Hoc|iPhoneSimulator.ActiveCfg = Release|Any CPU
		{CFD4C19B-3035-452D-ADE7-D932FE311BBD}.Ad-Hoc|iPhoneSimulator.Build.0 = Release|Any CPU
		{CFD4C19B-3035-452D-ADE7-D932FE311BBD}.AppStore|Any CPU.ActiveCfg = Release|Any CPU
		{CFD4C19B-3035-452D-ADE7-D932FE311BBD}.AppStore|Any CPU.Build.0 = Release|Any CPU
		{CFD4C19B-3035-452D-ADE7-D932FE311BBD}.AppStore|iPhone.ActiveCfg = Release|Any CPU
		{CFD4C19B-3035-452D-ADE7-D932FE311BBD}.AppStore|iPhone.Build.0 = Release|Any CPU
		{CFD4C19B-3035-452D-ADE7-D932FE311BBD}.AppStore|iPhoneSimulator.ActiveCfg = Release|Any CPU
		{CFD4C19B-3035-452D-ADE7-D932FE311BBD}.AppStore|iPhoneSimulator.Build.0 = Release|Any CPU
		{CFD4C19B-3035-452D-ADE7-D932FE311BBD}.Debug|Any CPU.ActiveCfg = Debug|Any CPU
		{CFD4C19B-3035-452D-ADE7-D932FE311BBD}.Debug|Any CPU.Build.0 = Debug|Any CPU
		{CFD4C19B-3035-452D-ADE7-D932FE311BBD}.Debug|iPhone.ActiveCfg = Debug|Any CPU
		{CFD4C19B-3035-452D-ADE7-D932FE311BBD}.Debug|iPhone.Build.0 = Debug|Any CPU
		{CFD4C19B-3035-452D-ADE7-D932FE311BBD}.Debug|iPhoneSimulator.ActiveCfg = Debug|Any CPU
		{CFD4C19B-3035-452D-ADE7-D932FE311BBD}.Debug|iPhoneSimulator.Build.0 = Debug|Any CPU
		{CFD4C19B-3035-452D-ADE7-D932FE311BBD}.Release|Any CPU.ActiveCfg = Release|Any CPU
		{CFD4C19B-3035-452D-ADE7-D932FE311BBD}.Release|Any CPU.Build.0 = Release|Any CPU
		{CFD4C19B-3035-452D-ADE7-D932FE311BBD}.Release|iPhone.ActiveCfg = Release|Any CPU
		{CFD4C19B-3035-452D-ADE7-D932FE311BBD}.Release|iPhone.Build.0 = Release|Any CPU
		{CFD4C19B-3035-452D-ADE7-D932FE311BBD}.Release|iPhoneSimulator.ActiveCfg = Release|Any CPU
		{CFD4C19B-3035-452D-ADE7-D932FE311BBD}.Release|iPhoneSimulator.Build.0 = Release|Any CPU
		{09FF3402-9BB3-4BD1-B120-F992ADCD470E}.Ad-Hoc|Any CPU.ActiveCfg = Release|Any CPU
		{09FF3402-9BB3-4BD1-B120-F992ADCD470E}.Ad-Hoc|Any CPU.Build.0 = Release|Any CPU
		{09FF3402-9BB3-4BD1-B120-F992ADCD470E}.Ad-Hoc|Any CPU.Deploy.0 = Release|Any CPU
		{09FF3402-9BB3-4BD1-B120-F992ADCD470E}.Ad-Hoc|iPhone.ActiveCfg = Release|Any CPU
		{09FF3402-9BB3-4BD1-B120-F992ADCD470E}.Ad-Hoc|iPhone.Build.0 = Release|Any CPU
		{09FF3402-9BB3-4BD1-B120-F992ADCD470E}.Ad-Hoc|iPhone.Deploy.0 = Release|Any CPU
		{09FF3402-9BB3-4BD1-B120-F992ADCD470E}.Ad-Hoc|iPhoneSimulator.ActiveCfg = Release|Any CPU
		{09FF3402-9BB3-4BD1-B120-F992ADCD470E}.Ad-Hoc|iPhoneSimulator.Build.0 = Release|Any CPU
		{09FF3402-9BB3-4BD1-B120-F992ADCD470E}.Ad-Hoc|iPhoneSimulator.Deploy.0 = Release|Any CPU
		{09FF3402-9BB3-4BD1-B120-F992ADCD470E}.AppStore|Any CPU.ActiveCfg = Release|Any CPU
		{09FF3402-9BB3-4BD1-B120-F992ADCD470E}.AppStore|Any CPU.Build.0 = Release|Any CPU
		{09FF3402-9BB3-4BD1-B120-F992ADCD470E}.AppStore|Any CPU.Deploy.0 = Release|Any CPU
		{09FF3402-9BB3-4BD1-B120-F992ADCD470E}.AppStore|iPhone.ActiveCfg = Release|Any CPU
		{09FF3402-9BB3-4BD1-B120-F992ADCD470E}.AppStore|iPhone.Build.0 = Release|Any CPU
		{09FF3402-9BB3-4BD1-B120-F992ADCD470E}.AppStore|iPhone.Deploy.0 = Release|Any CPU
		{09FF3402-9BB3-4BD1-B120-F992ADCD470E}.AppStore|iPhoneSimulator.ActiveCfg = Release|Any CPU
		{09FF3402-9BB3-4BD1-B120-F992ADCD470E}.AppStore|iPhoneSimulator.Build.0 = Release|Any CPU
		{09FF3402-9BB3-4BD1-B120-F992ADCD470E}.AppStore|iPhoneSimulator.Deploy.0 = Release|Any CPU
		{09FF3402-9BB3-4BD1-B120-F992ADCD470E}.Debug|Any CPU.ActiveCfg = Debug|Any CPU
		{09FF3402-9BB3-4BD1-B120-F992ADCD470E}.Debug|Any CPU.Build.0 = Debug|Any CPU
		{09FF3402-9BB3-4BD1-B120-F992ADCD470E}.Debug|Any CPU.Deploy.0 = Debug|Any CPU
		{09FF3402-9BB3-4BD1-B120-F992ADCD470E}.Debug|iPhone.ActiveCfg = Debug|Any CPU
		{09FF3402-9BB3-4BD1-B120-F992ADCD470E}.Debug|iPhone.Build.0 = Debug|Any CPU
		{09FF3402-9BB3-4BD1-B120-F992ADCD470E}.Debug|iPhone.Deploy.0 = Debug|Any CPU
		{09FF3402-9BB3-4BD1-B120-F992ADCD470E}.Debug|iPhoneSimulator.ActiveCfg = Debug|Any CPU
		{09FF3402-9BB3-4BD1-B120-F992ADCD470E}.Debug|iPhoneSimulator.Build.0 = Debug|Any CPU
		{09FF3402-9BB3-4BD1-B120-F992ADCD470E}.Debug|iPhoneSimulator.Deploy.0 = Debug|Any CPU
		{09FF3402-9BB3-4BD1-B120-F992ADCD470E}.Release|Any CPU.ActiveCfg = Release|Any CPU
		{09FF3402-9BB3-4BD1-B120-F992ADCD470E}.Release|Any CPU.Build.0 = Release|Any CPU
		{09FF3402-9BB3-4BD1-B120-F992ADCD470E}.Release|Any CPU.Deploy.0 = Release|Any CPU
		{09FF3402-9BB3-4BD1-B120-F992ADCD470E}.Release|iPhone.ActiveCfg = Release|Any CPU
		{09FF3402-9BB3-4BD1-B120-F992ADCD470E}.Release|iPhone.Build.0 = Release|Any CPU
		{09FF3402-9BB3-4BD1-B120-F992ADCD470E}.Release|iPhone.Deploy.0 = Release|Any CPU
		{09FF3402-9BB3-4BD1-B120-F992ADCD470E}.Release|iPhoneSimulator.ActiveCfg = Release|Any CPU
		{09FF3402-9BB3-4BD1-B120-F992ADCD470E}.Release|iPhoneSimulator.Build.0 = Release|Any CPU
		{09FF3402-9BB3-4BD1-B120-F992ADCD470E}.Release|iPhoneSimulator.Deploy.0 = Release|Any CPU
		{9591113D-B43F-4963-8ACE-DA3BEFE84FFC}.Ad-Hoc|Any CPU.ActiveCfg = Release|Any CPU
		{9591113D-B43F-4963-8ACE-DA3BEFE84FFC}.Ad-Hoc|Any CPU.Build.0 = Release|Any CPU
		{9591113D-B43F-4963-8ACE-DA3BEFE84FFC}.Ad-Hoc|iPhone.ActiveCfg = Release|Any CPU
		{9591113D-B43F-4963-8ACE-DA3BEFE84FFC}.Ad-Hoc|iPhone.Build.0 = Release|Any CPU
		{9591113D-B43F-4963-8ACE-DA3BEFE84FFC}.Ad-Hoc|iPhoneSimulator.ActiveCfg = Release|Any CPU
		{9591113D-B43F-4963-8ACE-DA3BEFE84FFC}.Ad-Hoc|iPhoneSimulator.Build.0 = Release|Any CPU
		{9591113D-B43F-4963-8ACE-DA3BEFE84FFC}.AppStore|Any CPU.ActiveCfg = Release|Any CPU
		{9591113D-B43F-4963-8ACE-DA3BEFE84FFC}.AppStore|Any CPU.Build.0 = Release|Any CPU
		{9591113D-B43F-4963-8ACE-DA3BEFE84FFC}.AppStore|iPhone.ActiveCfg = Release|Any CPU
		{9591113D-B43F-4963-8ACE-DA3BEFE84FFC}.AppStore|iPhone.Build.0 = Release|Any CPU
		{9591113D-B43F-4963-8ACE-DA3BEFE84FFC}.AppStore|iPhoneSimulator.ActiveCfg = Release|Any CPU
		{9591113D-B43F-4963-8ACE-DA3BEFE84FFC}.AppStore|iPhoneSimulator.Build.0 = Release|Any CPU
		{9591113D-B43F-4963-8ACE-DA3BEFE84FFC}.Debug|Any CPU.ActiveCfg = Debug|Any CPU
		{9591113D-B43F-4963-8ACE-DA3BEFE84FFC}.Debug|Any CPU.Build.0 = Debug|Any CPU
		{9591113D-B43F-4963-8ACE-DA3BEFE84FFC}.Debug|iPhone.ActiveCfg = Debug|Any CPU
		{9591113D-B43F-4963-8ACE-DA3BEFE84FFC}.Debug|iPhone.Build.0 = Debug|Any CPU
		{9591113D-B43F-4963-8ACE-DA3BEFE84FFC}.Debug|iPhoneSimulator.ActiveCfg = Debug|Any CPU
		{9591113D-B43F-4963-8ACE-DA3BEFE84FFC}.Debug|iPhoneSimulator.Build.0 = Debug|Any CPU
		{9591113D-B43F-4963-8ACE-DA3BEFE84FFC}.Release|Any CPU.ActiveCfg = Release|Any CPU
		{9591113D-B43F-4963-8ACE-DA3BEFE84FFC}.Release|Any CPU.Build.0 = Release|Any CPU
		{9591113D-B43F-4963-8ACE-DA3BEFE84FFC}.Release|iPhone.ActiveCfg = Release|Any CPU
		{9591113D-B43F-4963-8ACE-DA3BEFE84FFC}.Release|iPhone.Build.0 = Release|Any CPU
		{9591113D-B43F-4963-8ACE-DA3BEFE84FFC}.Release|iPhoneSimulator.ActiveCfg = Release|Any CPU
		{9591113D-B43F-4963-8ACE-DA3BEFE84FFC}.Release|iPhoneSimulator.Build.0 = Release|Any CPU
		{1F348698-FAE5-484E-8961-3F300B62F7D2}.Ad-Hoc|Any CPU.ActiveCfg = Debug|Any CPU
		{1F348698-FAE5-484E-8961-3F300B62F7D2}.Ad-Hoc|Any CPU.Build.0 = Debug|Any CPU
		{1F348698-FAE5-484E-8961-3F300B62F7D2}.Ad-Hoc|iPhone.ActiveCfg = Debug|Any CPU
		{1F348698-FAE5-484E-8961-3F300B62F7D2}.Ad-Hoc|iPhone.Build.0 = Debug|Any CPU
		{1F348698-FAE5-484E-8961-3F300B62F7D2}.Ad-Hoc|iPhoneSimulator.ActiveCfg = Debug|Any CPU
		{1F348698-FAE5-484E-8961-3F300B62F7D2}.Ad-Hoc|iPhoneSimulator.Build.0 = Debug|Any CPU
		{1F348698-FAE5-484E-8961-3F300B62F7D2}.AppStore|Any CPU.ActiveCfg = Debug|Any CPU
		{1F348698-FAE5-484E-8961-3F300B62F7D2}.AppStore|Any CPU.Build.0 = Debug|Any CPU
		{1F348698-FAE5-484E-8961-3F300B62F7D2}.AppStore|iPhone.ActiveCfg = Debug|Any CPU
		{1F348698-FAE5-484E-8961-3F300B62F7D2}.AppStore|iPhone.Build.0 = Debug|Any CPU
		{1F348698-FAE5-484E-8961-3F300B62F7D2}.AppStore|iPhoneSimulator.ActiveCfg = Debug|Any CPU
		{1F348698-FAE5-484E-8961-3F300B62F7D2}.AppStore|iPhoneSimulator.Build.0 = Debug|Any CPU
		{1F348698-FAE5-484E-8961-3F300B62F7D2}.Debug|Any CPU.ActiveCfg = Debug|Any CPU
		{1F348698-FAE5-484E-8961-3F300B62F7D2}.Debug|Any CPU.Build.0 = Debug|Any CPU
		{1F348698-FAE5-484E-8961-3F300B62F7D2}.Debug|iPhone.ActiveCfg = Debug|Any CPU
		{1F348698-FAE5-484E-8961-3F300B62F7D2}.Debug|iPhone.Build.0 = Debug|Any CPU
		{1F348698-FAE5-484E-8961-3F300B62F7D2}.Debug|iPhoneSimulator.ActiveCfg = Debug|Any CPU
		{1F348698-FAE5-484E-8961-3F300B62F7D2}.Debug|iPhoneSimulator.Build.0 = Debug|Any CPU
		{1F348698-FAE5-484E-8961-3F300B62F7D2}.Release|Any CPU.ActiveCfg = Release|Any CPU
		{1F348698-FAE5-484E-8961-3F300B62F7D2}.Release|Any CPU.Build.0 = Release|Any CPU
		{1F348698-FAE5-484E-8961-3F300B62F7D2}.Release|iPhone.ActiveCfg = Release|Any CPU
		{1F348698-FAE5-484E-8961-3F300B62F7D2}.Release|iPhone.Build.0 = Release|Any CPU
		{1F348698-FAE5-484E-8961-3F300B62F7D2}.Release|iPhoneSimulator.ActiveCfg = Release|Any CPU
		{1F348698-FAE5-484E-8961-3F300B62F7D2}.Release|iPhoneSimulator.Build.0 = Release|Any CPU
	EndGlobalSection
	GlobalSection(SolutionProperties) = preSolution
		HideSolutionNode = FALSE
	EndGlobalSection
	GlobalSection(ExtensibilityGlobals) = postSolution
		SolutionGuid = {D4054831-980A-471C-9207-376646404699}
	EndGlobalSection
EndGlobal
